
Microsoft Visual Studio Solution File, Format Version 12.00
# Visual Studio 15
VisualStudioVersion = 15.0.28307.1169
MinimumVisualStudioVersion = 10.0.40219.1
Project("{9A19103F-16F7-4668-BE54-9A1E7A4F7556}") = "Medijunction.Api", "Medijunction.Api\Medijunction.Api.csproj", "{251EA568-8792-40DD-BC52-95F47455175E}"
EndProject
Project("{FAE04EC0-301F-11D3-BF4B-00C04F79EFBC}") = "MediJunction.DomainModel", "MediJunction.DomainModel\MediJunction.DomainModel.csproj", "{DD6907AE-69C0-4470-AA90-499B07A403BF}"
EndProject
Project("{FAE04EC0-301F-11D3-BF4B-00C04F79EFBC}") = "Medijunction.DAL", "Medijunction.DAL\Medijunction.DAL.csproj", "{7E99B5D1-BD41-4928-A8F1-DB34F9640D6B}"
EndProject
Project("{FAE04EC0-301F-11D3-BF4B-00C04F79EFBC}") = "MediJunction.Process", "MediJunction.Process\MediJunction.Process.csproj", "{DCB511D2-2DC4-4E1D-A5D8-8B9768E15BFF}"
EndProject
Project("{FAE04EC0-301F-11D3-BF4B-00C04F79EFBC}") = "MediJunction.ServiceModel", "MediJunction.ServiceModel\MediJunction.ServiceModel.csproj", "{C0B2314D-DB78-46E5-AAD0-2DD58B559924}"
EndProject
Project("{9A19103F-16F7-4668-BE54-9A1E7A4F7556}") = "Medijunction.Utility", "Medijunction.Utility\Medijunction.Utility.csproj", "{B2B11082-F4AF-49E8-9657-AC1F2DE3CB70}"
EndProject
Global
	GlobalSection(SolutionConfigurationPlatforms) = preSolution
		Debug|Any CPU = Debug|Any CPU
		Release|Any CPU = Release|Any CPU
	EndGlobalSection
	GlobalSection(ProjectConfigurationPlatforms) = postSolution
		{251EA568-8792-40DD-BC52-95F47455175E}.Debug|Any CPU.ActiveCfg = Debug|Any CPU
		{251EA568-8792-40DD-BC52-95F47455175E}.Debug|Any CPU.Build.0 = Debug|Any CPU
		{251EA568-8792-40DD-BC52-95F47455175E}.Release|Any CPU.ActiveCfg = Release|Any CPU
		{251EA568-8792-40DD-BC52-95F47455175E}.Release|Any CPU.Build.0 = Release|Any CPU
		{DD6907AE-69C0-4470-AA90-499B07A403BF}.Debug|Any CPU.ActiveCfg = Debug|Any CPU
		{DD6907AE-69C0-4470-AA90-499B07A403BF}.Debug|Any CPU.Build.0 = Debug|Any CPU
		{DD6907AE-69C0-4470-AA90-499B07A403BF}.Release|Any CPU.ActiveCfg = Release|Any CPU
		{DD6907AE-69C0-4470-AA90-499B07A403BF}.Release|Any CPU.Build.0 = Release|Any CPU
		{7E99B5D1-BD41-4928-A8F1-DB34F9640D6B}.Debug|Any CPU.ActiveCfg = Debug|Any CPU
		{7E99B5D1-BD41-4928-A8F1-DB34F9640D6B}.Debug|Any CPU.Build.0 = Debug|Any CPU
		{7E99B5D1-BD41-4928-A8F1-DB34F9640D6B}.Release|Any CPU.ActiveCfg = Release|Any CPU
		{7E99B5D1-BD41-4928-A8F1-DB34F9640D6B}.Release|Any CPU.Build.0 = Release|Any CPU
		{DCB511D2-2DC4-4E1D-A5D8-8B9768E15BFF}.Debug|Any CPU.ActiveCfg = Debug|Any CPU
		{DCB511D2-2DC4-4E1D-A5D8-8B9768E15BFF}.Debug|Any CPU.Build.0 = Debug|Any CPU
		{DCB511D2-2DC4-4E1D-A5D8-8B9768E15BFF}.Release|Any CPU.ActiveCfg = Release|Any CPU
		{DCB511D2-2DC4-4E1D-A5D8-8B9768E15BFF}.Release|Any CPU.Build.0 = Release|Any CPU
		{C0B2314D-DB78-46E5-AAD0-2DD58B559924}.Debug|Any CPU.ActiveCfg = Debug|Any CPU
		{C0B2314D-DB78-46E5-AAD0-2DD58B559924}.Debug|Any CPU.Build.0 = Debug|Any CPU
		{C0B2314D-DB78-46E5-AAD0-2DD58B559924}.Release|Any CPU.ActiveCfg = Release|Any CPU
		{C0B2314D-DB78-46E5-AAD0-2DD58B559924}.Release|Any CPU.Build.0 = Release|Any CPU
		{B2B11082-F4AF-49E8-9657-AC1F2DE3CB70}.Debug|Any CPU.ActiveCfg = Debug|Any CPU
		{B2B11082-F4AF-49E8-9657-AC1F2DE3CB70}.Debug|Any CPU.Build.0 = Debug|Any CPU
		{B2B11082-F4AF-49E8-9657-AC1F2DE3CB70}.Release|Any CPU.ActiveCfg = Release|Any CPU
		{B2B11082-F4AF-49E8-9657-AC1F2DE3CB70}.Release|Any CPU.Build.0 = Release|Any CPU
	EndGlobalSection
	GlobalSection(SolutionProperties) = preSolution
		HideSolutionNode = FALSE
	EndGlobalSection
	GlobalSection(ExtensibilityGlobals) = postSolution
		SolutionGuid = {ECE28052-6D2F-41EA-BE53-D896011A0AE6}
	EndGlobalSection
EndGlobal
